
Microsoft Visual Studio Solution File, Format Version 12.00
# Visual Studio Version 16
VisualStudioVersion = 16.0.30804.86
MinimumVisualStudioVersion = 10.0.40219.1
Project("{9A19103F-16F7-4668-BE54-9A1E7A4F7556}") = "ToyStore-API", "ToyStore-API.csproj", "{D87B4E9C-B722-4385-8557-3FDA585A492B}"
EndProject
Project("{FAE04EC0-301F-11D3-BF4B-00C04F79EFBC}") = "ToyStore-UI", "..\ToyStore-UI\ToyStore-UI.csproj", "{9DE36533-74B8-4AEF-AAD2-29C1F1C92BBC}"
EndProject
Project("{FAE04EC0-301F-11D3-BF4B-00C04F79EFBC}") = "ToyStore-UI.WASM", "..\ToyStore-UI.WASM\ToyStore-UI.WASM.csproj", "{BDE9AC90-EC1B-4DF4-A7A0-82E14C2AAF0F}"
EndProject
Global
	GlobalSection(SolutionConfigurationPlatforms) = preSolution
		Debug|Any CPU = Debug|Any CPU
		Release|Any CPU = Release|Any CPU
	EndGlobalSection
	GlobalSection(ProjectConfigurationPlatforms) = postSolution
		{D87B4E9C-B722-4385-8557-3FDA585A492B}.Debug|Any CPU.ActiveCfg = Debug|Any CPU
		{D87B4E9C-B722-4385-8557-3FDA585A492B}.Debug|Any CPU.Build.0 = Debug|Any CPU
		{D87B4E9C-B722-4385-8557-3FDA585A492B}.Release|Any CPU.ActiveCfg = Release|Any CPU
		{D87B4E9C-B722-4385-8557-3FDA585A492B}.Release|Any CPU.Build.0 = Release|Any CPU
		{9DE36533-74B8-4AEF-AAD2-29C1F1C92BBC}.Debug|Any CPU.ActiveCfg = Debug|Any CPU
		{9DE36533-74B8-4AEF-AAD2-29C1F1C92BBC}.Debug|Any CPU.Build.0 = Debug|Any CPU
		{9DE36533-74B8-4AEF-AAD2-29C1F1C92BBC}.Release|Any CPU.ActiveCfg = Release|Any CPU
		{9DE36533-74B8-4AEF-AAD2-29C1F1C92BBC}.Release|Any CPU.Build.0 = Release|Any CPU
		{BDE9AC90-EC1B-4DF4-A7A0-82E14C2AAF0F}.Debug|Any CPU.ActiveCfg = Debug|Any CPU
		{BDE9AC90-EC1B-4DF4-A7A0-82E14C2AAF0F}.Debug|Any CPU.Build.0 = Debug|Any CPU
		{BDE9AC90-EC1B-4DF4-A7A0-82E14C2AAF0F}.Release|Any CPU.ActiveCfg = Release|Any CPU
		{BDE9AC90-EC1B-4DF4-A7A0-82E14C2AAF0F}.Release|Any CPU.Build.0 = Release|Any CPU
	EndGlobalSection
	GlobalSection(SolutionProperties) = preSolution
		HideSolutionNode = FALSE
	EndGlobalSection
	GlobalSection(ExtensibilityGlobals) = postSolution
		SolutionGuid = {622623A5-925E-4FCC-AE0C-91B81CF3FD9D}
	EndGlobalSection
EndGlobal
